golang.org/x/exp v0.0.0-20220321155233-aaef6dbbfd82 h1:63NI0pAbB9LULBTO6SszQL5J+6skZewuMXJ9xP3a3GU=
golang.org/x/exp v0.0.0-20220321155233-aaef6dbbfd82/go.mod h1:lgLbSvA5ygNOMpwM/9anMpWVlVJ7Z+cHWq/eFuinpGE=
golang.org/x/exp v0.0.0-20220602145555-4a0574d9293f h1:KK6mxegmt5hGJRcAnEDjSNLxIRhZxDcgwMbcO/lMCRM=
golang.org/x/exp v0.0.0-20220602145555-4a0574d9293f/go.mod h1:yh0Ynu2b5ZUe3MQfp2nM0ecK7wsgouWTDN0FNeJuIys=
